{
  "name": "WebRecord",
  "lockfileVersion": 2,
  "requires": true,
  "packages": {
    "": {
      "dependencies": {
        "@ffmpeg/ffmpeg": "^0.12.13"
      },
      "devDependencies": {
        "@ffmpeg/util": "^0.12.1",
        "fix-webm-duration": "^1.0.6"
      }
    },
    "node_modules/@ffmpeg/ffmpeg": {
      "version": "0.12.13",
      "resolved": "https://registry.npmmirror.com/@ffmpeg/ffmpeg/-/ffmpeg-0.12.13.tgz",
      "integrity": "sha512-DX5xvpxkV0QaHIJRMRiz8zfh4mJO01rPKrpXgIzHWSB0A58YMUvbBJxHs4cSJPcX1Lar7HK6RAi28ObsUe7V8A==",
      "dependencies": {
        "@ffmpeg/types": "^0.12.3"
      },
      "engines": {
        "node": ">=18.x"
      }
    },
    "node_modules/@ffmpeg/types": {
      "version": "0.12.3",
      "resolved": "https://registry.npmmirror.com/@ffmpeg/types/-/types-0.12.3.tgz",
      "integrity": "sha512-WK01NqTfFfdXxxVD2+OQnd6LQp4ahWq2kjIh/eVoTo43Lo9ICI5nLOItg/1rcIvOuM7J1ANWTBazWGBKk1kACA==",
      "engines": {
        "node": ">=16.x"
      }
    },
    "node_modules/@ffmpeg/util": {
      "version": "0.12.1",
      "resolved": "https://registry.npmmirror.com/@ffmpeg/util/-/util-0.12.1.tgz",
      "integrity": "sha512-10jjfAKWaDyb8+nAkijcsi9wgz/y26LOc1NKJradNMyCIl6usQcBbhkjX5qhALrSBcOy6TOeksunTYa+a03qNQ==",
      "dev": true,
      "engines": {
        "node": ">=18.x"
      }
    },
    "node_modules/fix-webm-duration": {
      "version": "1.0.6",
      "resolved": "https://registry.npmjs.org/fix-webm-duration/-/fix-webm-duration-1.0.6.tgz",
      "integrity": "sha512-zVAqi4gE+8ywxJuAyV/rlJVX6CMtvyapEbQx6jyoeX9TMjdqAlt/FdG5d7rXSSkDVzTvS0H7CtwzHcH/vh4FPA==",
      "dev": true
    }
  },
  "dependencies": {
    "@ffmpeg/ffmpeg": {
      "version": "0.12.13",
      "resolved": "https://registry.npmmirror.com/@ffmpeg/ffmpeg/-/ffmpeg-0.12.13.tgz",
      "integrity": "sha512-DX5xvpxkV0QaHIJRMRiz8zfh4mJO01rPKrpXgIzHWSB0A58YMUvbBJxHs4cSJPcX1Lar7HK6RAi28ObsUe7V8A==",
      "requires": {
        "@ffmpeg/types": "^0.12.3"
      }
    },
    "@ffmpeg/types": {
      "version": "0.12.3",
      "resolved": "https://registry.npmmirror.com/@ffmpeg/types/-/types-0.12.3.tgz",
      "integrity": "sha512-WK01NqTfFfdXxxVD2+OQnd6LQp4ahWq2kjIh/eVoTo43Lo9ICI5nLOItg/1rcIvOuM7J1ANWTBazWGBKk1kACA=="
    },
    "@ffmpeg/util": {
      "version": "0.12.1",
      "resolved": "https://registry.npmmirror.com/@ffmpeg/util/-/util-0.12.1.tgz",
      "integrity": "sha512-10jjfAKWaDyb8+nAkijcsi9wgz/y26LOc1NKJradNMyCIl6usQcBbhkjX5qhALrSBcOy6TOeksunTYa+a03qNQ==",
      "dev": true
    },
    "fix-webm-duration": {
      "version": "1.0.6",
      "resolved": "https://registry.npmjs.org/fix-webm-duration/-/fix-webm-duration-1.0.6.tgz",
      "integrity": "sha512-zVAqi4gE+8ywxJuAyV/rlJVX6CMtvyapEbQx6jyoeX9TMjdqAlt/FdG5d7rXSSkDVzTvS0H7CtwzHcH/vh4FPA==",
      "dev": true
    }
  }
}
